// !$*UTF8*$!
{
	archiveVersion = 1;
	classes = {
	};
	objectVersion = 46;
	objects = {

/* Begin PBXBuildFile section */
		1A77C32E1962B8BB00D9713B /* Foundation.framework in Frameworks */ = {isa = PBXBuildFile; fileRef = 1A77C32D1962B8BB00D9713B /* Foundation.framework */; };
		1A77C3301962B8BB00D9713B /* CoreGraphics.framework in Frameworks */ = {isa = PBXBuildFile; fileRef = 1A77C32F1962B8BB00D9713B /* CoreGraphics.framework */; };
		1A77C3321962B8BB00D9713B /* UIKit.framework in Frameworks */ = {isa = PBXBuildFile; fileRef = 1A77C3311962B8BB00D9713B /* UIKit.framework */; };
		1A77C3381962B8BB00D9713B /* InfoPlist.strings in Resources */ = {isa = PBXBuildFile; fileRef = 1A77C3361962B8BB00D9713B /* InfoPlist.strings */; };
		1A77C33A1962B8BB00D9713B /* main.m in Sources */ = {isa = PBXBuildFile; fileRef = 1A77C3391962B8BB00D9713B /* main.m */; };
		1A77C33E1962B8BB00D9713B /* AppDelegate.m in Sources */ = {isa = PBXBuildFile; fileRef = 1A77C33D1962B8BB00D9713B /* AppDelegate.m */; };
		1A77C3411962B8BB00D9713B /* Main.storyboard in Resources */ = {isa = PBXBuildFile; fileRef = 1A77C33F1962B8BB00D9713B /* Main.storyboard */; };
		1A77C3441962B8BB00D9713B /* ViewController.m in Sources */ = {isa = PBXBuildFile; fileRef = 1A77C3431962B8BB00D9713B /* ViewController.m */; };
		1A77C3461962B8BB00D9713B /* Images.xcassets in Resources */ = {isa = PBXBuildFile; fileRef = 1A77C3451962B8BB00D9713B /* Images.xcassets */; };
		1A77C34D1962B8BB00D9713B /* XCTest.framework in Frameworks */ = {isa = PBXBuildFile; fileRef = 1A77C34C1962B8BB00D9713B /* XCTest.framework */; };
		1A77C34E1962B8BB00D9713B /* Foundation.framework in Frameworks */ = {isa = PBXBuildFile; fileRef = 1A77C32D1962B8BB00D9713B /* Foundation.framework */; };
		1A77C34F1962B8BB00D9713B /* UIKit.framework in Frameworks */ = {isa = PBXBuildFile; fileRef = 1A77C3311962B8BB00D9713B /* UIKit.framework */; };
		1A77C3571962B8BB00D9713B /* InfoPlist.strings in Resources */ = {isa = PBXBuildFile; fileRef = 1A77C3551962B8BB00D9713B /* InfoPlist.strings */; };
		1A77C3591962B8BB00D9713B /* DemoTests.m in Sources */ = {isa = PBXBuildFile; fileRef = 1A77C3581962B8BB00D9713B /* DemoTests.m */; };
		1A77C36C1962BA4600D9713B /* close.png in Resources */ = {isa = PBXBuildFile; fileRef = 1A77C3641962BA4600D9713B /* close.png */; };
		1A77C36D1962BA4600D9713B /* close@2x.png in Resources */ = {isa = PBXBuildFile; fileRef = 1A77C3651962BA4600D9713B /* close@2x.png */; };
		1A77C36E1962BA4600D9713B /* noSelectImage.png in Resources */ = {isa = PBXBuildFile; fileRef = 1A77C3661962BA4600D9713B /* noSelectImage.png */; };
		1A77C36F1962BA4600D9713B /* noSelectImage@2x.png in Resources */ = {isa = PBXBuildFile; fileRef = 1A77C3671962BA4600D9713B /* noSelectImage@2x.png */; };
		1A77C3701962BA4600D9713B /* selectImage.png in Resources */ = {isa = PBXBuildFile; fileRef = 1A77C3681962BA4600D9713B /* selectImage.png */; };
		1A77C3711962BA4600D9713B /* selectImage@2x.png in Resources */ = {isa = PBXBuildFile; fileRef = 1A77C3691962BA4600D9713B /* selectImage@2x.png */; };
		1A77C3721962BA4600D9713B /* UIViewController+MultipleImagePicker.m in Sources */ = {isa = PBXBuildFile; fileRef = 1A77C36B1962BA4600D9713B /* UIViewController+MultipleImagePicker.m */; };
		1A77C3751962BA6400D9713B /* YSQImagePickerViewController.m in Sources */ = {isa = PBXBuildFile; fileRef = 1A77C3741962BA6400D9713B /* YSQImagePickerViewController.m */; };
		1A77C3791962BAC500D9713B /* AssetImageObject.m in Sources */ = {isa = PBXBuildFile; fileRef = 1A77C3781962BAC500D9713B /* AssetImageObject.m */; };
		1A77C37D1962BB1500D9713B /* PickerSubViewController.m in Sources */ = {isa = PBXBuildFile; fileRef = 1A77C37B1962BB1500D9713B /* PickerSubViewController.m */; };
		1A77C37E1962BB1500D9713B /* PickerSubViewController.xib in Resources */ = {isa = PBXBuildFile; fileRef = 1A77C37C1962BB1500D9713B /* PickerSubViewController.xib */; };
		1A77C3811962BC9500D9713B /* UIView+Utils.m in Sources */ = {isa = PBXBuildFile; fileRef = 1A77C3801962BC9500D9713B /* UIView+Utils.m */; };
/* End PBXBuildFile section */

/* Begin PBXContainerItemProxy section */
		1A77C3501962B8BB00D9713B /* PBXContainerItemProxy */ = {
			isa = PBXContainerItemProxy;
			containerPortal = 1A77C3221962B8BB00D9713B /* Project object */;
			proxyType = 1;
			remoteGlobalIDString = 1A77C3291962B8BB00D9713B;
			remoteInfo = Demo;
		};
/* End PBXContainerItemProxy section */

/* Begin PBXFileReference section */
		1A77C32A1962B8BB00D9713B /* Demo.app */ = {isa = PBXFileReference; explicitFileType = wrapper.application; includeInIndex = 0; path = Demo.app; sourceTree = BUILT_PRODUCTS_DIR; };
		1A77C32D1962B8BB00D9713B /* Foundation.framework */ = {isa = PBXFileReference; lastKnownFileType = wrapper.framework; name = Foundation.framework; path = System/Library/Frameworks/Foundation.framework; sourceTree = SDKROOT; };
		1A77C32F1962B8BB00D9713B /* CoreGraphics.framework */ = {isa = PBXFileReference; lastKnownFileType = wrapper.framework; name = CoreGraphics.framework; path = System/Library/Frameworks/CoreGraphics.framework; sourceTree = SDKROOT; };
		1A77C3311962B8BB00D9713B /* UIKit.framework */ = {isa = PBXFileReference; lastKnownFileType = wrapper.framework; name = UIKit.framework; path = System/Library/Frameworks/UIKit.framework; sourceTree = SDKROOT; };
		1A77C3351962B8BB00D9713B /* Demo-Info.plist */ = {isa = PBXFileReference; lastKnownFileType = text.plist.xml; path = "Demo-Info.plist"; sourceTree = "<group>"; };
		1A77C3371962B8BB00D9713B /* en */ = {isa = PBXFileReference; lastKnownFileType = text.plist.strings; name = en; path = en.lproj/InfoPlist.strings; sourceTree = "<group>"; };
		1A77C3391962B8BB00D9713B /* main.m */ = {isa = PBXFileReference; lastKnownFileType = sourcecode.c.objc; path = main.m; sourceTree = "<group>"; };
		1A77C33B1962B8BB00D9713B /* Demo-Prefix.pch */ = {isa = PBXFileReference; lastKnownFileType = sourcecode.c.h; path = "Demo-Prefix.pch"; sourceTree = "<group>"; };
		1A77C33C1962B8BB00D9713B /* AppDelegate.h */ = {isa = PBXFileReference; lastKnownFileType = sourcecode.c.h; path = AppDelegate.h; sourceTree = "<group>"; };
		1A77C33D1962B8BB00D9713B /* AppDelegate.m */ = {isa = PBXFileReference; lastKnownFileType = sourcecode.c.objc; path = AppDelegate.m; sourceTree = "<group>"; };
		1A77C3401962B8BB00D9713B /* Base */ = {isa = PBXFileReference; lastKnownFileType = file.storyboard; name = Base; path = Base.lproj/Main.storyboard; sourceTree = "<group>"; };
		1A77C3421962B8BB00D9713B /* ViewController.h */ = {isa = PBXFileReference; lastKnownFileType = sourcecode.c.h; path = ViewController.h; sourceTree = "<group>"; };
		1A77C3431962B8BB00D9713B /* ViewController.m */ = {isa = PBXFileReference; lastKnownFileType = sourcecode.c.objc; path = ViewController.m; sourceTree = "<group>"; };
		1A77C3451962B8BB00D9713B /* Images.xcassets */ = {isa = PBXFileReference; lastKnownFileType = folder.assetcatalog; path = Images.xcassets; sourceTree = "<group>"; };
		1A77C34B1962B8BB00D9713B /* DemoTests.xctest */ = {isa = PBXFileReference; explicitFileType = wrapper.cfbundle; includeInIndex = 0; path = DemoTests.xctest; sourceTree = BUILT_PRODUCTS_DIR; };
		1A77C34C1962B8BB00D9713B /* XCTest.framework */ = {isa = PBXFileReference; lastKnownFileType = wrapper.framework; name = XCTest.framework; path = Library/Frameworks/XCTest.framework; sourceTree = DEVELOPER_DIR; };
		1A77C3541962B8BB00D9713B /* DemoTests-Info.plist */ = {isa = PBXFileReference; lastKnownFileType = text.plist.xml; path = "DemoTests-Info.plist"; sourceTree = "<group>"; };
		1A77C3561962B8BB00D9713B /* en */ = {isa = PBXFileReference; lastKnownFileType = text.plist.strings; name = en; path = en.lproj/InfoPlist.strings; sourceTree = "<group>"; };
		1A77C3581962B8BB00D9713B /* DemoTests.m */ = {isa = PBXFileReference; lastKnownFileType = sourcecode.c.objc; path = DemoTests.m; sourceTree = "<group>"; };
		1A77C3641962BA4600D9713B /* close.png */ = {isa = PBXFileReference; lastKnownFileType = image.png; path = close.png; sourceTree = "<group>"; };
		1A77C3651962BA4600D9713B /* close@2x.png */ = {isa = PBXFileReference; lastKnownFileType = image.png; path = "close@2x.png"; sourceTree = "<group>"; };
		1A77C3661962BA4600D9713B /* noSelectImage.png */ = {isa = PBXFileReference; lastKnownFileType = image.png; path = noSelectImage.png; sourceTree = "<group>"; };
		1A77C3671962BA4600D9713B /* noSelectImage@2x.png */ = {isa = PBXFileReference; lastKnownFileType = image.png; path = "noSelectImage@2x.png"; sourceTree = "<group>"; };
		1A77C3681962BA4600D9713B /* selectImage.png */ = {isa = PBXFileReference; lastKnownFileType = image.png; path = selectImage.png; sourceTree = "<group>"; };
		1A77C3691962BA4600D9713B /* selectImage@2x.png */ = {isa = PBXFileReference; lastKnownFileType = image.png; path = "selectImage@2x.png"; sourceTree = "<group>"; };
		1A77C36A1962BA4600D9713B /* UIViewController+MultipleImagePicker.h */ = {isa = PBXFileReference; fileEncoding = 4; lastKnownFileType = sourcecode.c.h; path = "UIViewController+MultipleImagePicker.h"; sourceTree = "<group>"; };
		1A77C36B1962BA4600D9713B /* UIViewController+MultipleImagePicker.m */ = {isa = PBXFileReference; fileEncoding = 4; lastKnownFileType = sourcecode.c.objc; path = "UIViewController+MultipleImagePicker.m"; sourceTree = "<group>"; };
		1A77C3731962BA6400D9713B /* YSQImagePickerViewController.h */ = {isa = PBXFileReference; fileEncoding = 4; lastKnownFileType = sourcecode.c.h; path = YSQImagePickerViewController.h; sourceTree = "<group>"; };
		1A77C3741962BA6400D9713B /* YSQImagePickerViewController.m */ = {isa = PBXFileReference; fileEncoding = 4; lastKnownFileType = sourcecode.c.objc; path = YSQImagePickerViewController.m; sourceTree = "<group>"; };
		1A77C3771962BAC500D9713B /* AssetImageObject.h */ = {isa = PBXFileReference; fileEncoding = 4; lastKnownFileType = sourcecode.c.h; path = AssetImageObject.h; sourceTree = "<group>"; };
		1A77C3781962BAC500D9713B /* AssetImageObject.m */ = {isa = PBXFileReference; fileEncoding = 4; lastKnownFileType = sourcecode.c.objc; path = AssetImageObject.m; sourceTree = "<group>"; };
		1A77C37A1962BB1500D9713B /* PickerSubViewController.h */ = {isa = PBXFileReference; fileEncoding = 4; lastKnownFileType = sourcecode.c.h; path = PickerSubViewController.h; sourceTree = "<group>"; };
		1A77C37B1962BB1500D9713B /* PickerSubViewController.m */ = {isa = PBXFileReference; fileEncoding = 4; lastKnownFileType = sourcecode.c.objc; path = PickerSubViewController.m; sourceTree = "<group>"; };
		1A77C37C1962BB1500D9713B /* PickerSubViewController.xib */ = {isa = PBXFileReference; fileEncoding = 4; lastKnownFileType = file.xib; path = PickerSubViewController.xib; sourceTree = "<group>"; };
		1A77C37F1962BC9500D9713B /* UIView+Utils.h */ = {isa = PBXFileReference; fileEncoding = 4; lastKnownFileType = sourcecode.c.h; path = "UIView+Utils.h"; sourceTree = "<group>"; };
		1A77C3801962BC9500D9713B /* UIView+Utils.m */ = {isa = PBXFileReference; fileEncoding = 4; lastKnownFileType = sourcecode.c.objc; path = "UIView+Utils.m"; sourceTree = "<group>"; };
		1A77C3821962BCBC00D9713B /* YSQImagePicker.h */ = {isa = PBXFileReference; fileEncoding = 4; lastKnownFileType = sourcecode.c.h; path = YSQImagePicker.h; sourceTree = "<group>"; };
/* End PBXFileReference section */

/* Begin PBXFrameworksBuildPhase section */
		1A77C3271962B8BB00D9713B /* Frameworks */ = {
			isa = PBXFrameworksBuildPhase;
			buildActionMask = 2147483647;
			files = (
				1A77C3301962B8BB00D9713B /* CoreGraphics.framework in Frameworks */,
				1A77C3321962B8BB00D9713B /* UIKit.framework in Frameworks */,
				1A77C32E1962B8BB00D9713B /* Foundation.framework in Frameworks */,
			);
			runOnlyForDeploymentPostprocessing = 0;
		};
		1A77C3481962B8BB00D9713B /* Frameworks */ = {
			isa = PBXFrameworksBuildPhase;
			buildActionMask = 2147483647;
			files = (
				1A77C34D1962B8BB00D9713B /* XCTest.framework in Frameworks */,
				1A77C34F1962B8BB00D9713B /* UIKit.framework in Frameworks */,
				1A77C34E1962B8BB00D9713B /* Foundation.framework in Frameworks */,
			);
			runOnlyForDeploymentPostprocessing = 0;
		};
/* End PBXFrameworksBuildPhase section */

/* Begin PBXGroup section */
		1A77C3211962B8BB00D9713B = {
			isa = PBXGroup;
			children = (
				1A77C3331962B8BB00D9713B /* Demo */,
				1A77C3521962B8BB00D9713B /* DemoTests */,
				1A77C32C1962B8BB00D9713B /* Frameworks */,
				1A77C32B1962B8BB00D9713B /* Products */,
			);
			sourceTree = "<group>";
		};
		1A77C32B1962B8BB00D9713B /* Products */ = {
			isa = PBXGroup;
			children = (
				1A77C32A1962B8BB00D9713B /* Demo.app */,
				1A77C34B1962B8BB00D9713B /* DemoTests.xctest */,
			);
			name = Products;
			sourceTree = "<group>";
		};
		1A77C32C1962B8BB00D9713B /* Frameworks */ = {
			isa = PBXGroup;
			children = (
				1A77C32D1962B8BB00D9713B /* Foundation.framework */,
				1A77C32F1962B8BB00D9713B /* CoreGraphics.framework */,
				1A77C3311962B8BB00D9713B /* UIKit.framework */,
				1A77C34C1962B8BB00D9713B /* XCTest.framework */,
			);
			name = Frameworks;
			sourceTree = "<group>";
		};
		1A77C3331962B8BB00D9713B /* Demo */ = {
			isa = PBXGroup;
			children = (
				1A77C3621962BA4600D9713B /* Class */,
				1A77C33C1962B8BB00D9713B /* AppDelegate.h */,
				1A77C33D1962B8BB00D9713B /* AppDelegate.m */,
				1A77C33F1962B8BB00D9713B /* Main.storyboard */,
				1A77C3421962B8BB00D9713B /* ViewController.h */,
				1A77C3431962B8BB00D9713B /* ViewController.m */,
				1A77C3451962B8BB00D9713B /* Images.xcassets */,
				1A77C3341962B8BB00D9713B /* Supporting Files */,
			);
			path = Demo;
			sourceTree = "<group>";
		};
		1A77C3341962B8BB00D9713B /* Supporting Files */ = {
			isa = PBXGroup;
			children = (
				1A77C3351962B8BB00D9713B /* Demo-Info.plist */,
				1A77C3361962B8BB00D9713B /* InfoPlist.strings */,
				1A77C3391962B8BB00D9713B /* main.m */,
				1A77C33B1962B8BB00D9713B /* Demo-Prefix.pch */,
			);
			name = "Supporting Files";
			sourceTree = "<group>";
		};
		1A77C3521962B8BB00D9713B /* DemoTests */ = {
			isa = PBXGroup;
			children = (
				1A77C3581962B8BB00D9713B /* DemoTests.m */,
				1A77C3531962B8BB00D9713B /* Supporting Files */,
			);
			path = DemoTests;
			sourceTree = "<group>";
		};
		1A77C3531962B8BB00D9713B /* Supporting Files */ = {
			isa = PBXGroup;
			children = (
				1A77C3541962B8BB00D9713B /* DemoTests-Info.plist */,
				1A77C3551962B8BB00D9713B /* InfoPlist.strings */,
			);
			name = "Supporting Files";
			sourceTree = "<group>";
		};
		1A77C3621962BA4600D9713B /* Class */ = {
			isa = PBXGroup;
			children = (
				1A77C3821962BCBC00D9713B /* YSQImagePicker.h */,
				1A77C37F1962BC9500D9713B /* UIView+Utils.h */,
				1A77C3801962BC9500D9713B /* UIView+Utils.m */,
				1A77C3761962BAC500D9713B /* model */,
				1A77C3631962BA4600D9713B /* image */,
				1A77C36A1962BA4600D9713B /* UIViewController+MultipleImagePicker.h */,
				1A77C36B1962BA4600D9713B /* UIViewController+MultipleImagePicker.m */,
				1A77C3731962BA6400D9713B /* YSQImagePickerViewController.h */,
				1A77C3741962BA6400D9713B /* YSQImagePickerViewController.m */,
				1A77C37A1962BB1500D9713B /* PickerSubViewController.h */,
				1A77C37B1962BB1500D9713B /* PickerSubViewController.m */,
				1A77C37C1962BB1500D9713B /* PickerSubViewController.xib */,
			);
			path = Class;
			sourceTree = "<group>";
		};
		1A77C3631962BA4600D9713B /* image */ = {
			isa = PBXGroup;
			children = (
				1A77C3641962BA4600D9713B /* close.png */,
				1A77C3651962BA4600D9713B /* close@2x.png */,
				1A77C3661962BA4600D9713B /* noSelectImage.png */,
				1A77C3671962BA4600D9713B /* noSelectImage@2x.png */,
				1A77C3681962BA4600D9713B /* selectImage.png */,
				1A77C3691962BA4600D9713B /* selectImage@2x.png */,
			);
			path = image;
			sourceTree = "<group>";
		};
		1A77C3761962BAC500D9713B /* model */ = {
			isa = PBXGroup;
			children = (
				1A77C3771962BAC500D9713B /* AssetImageObject.h */,
				1A77C3781962BAC500D9713B /* AssetImageObject.m */,
			);
			path = model;
			sourceTree = "<group>";
		};
/* End PBXGroup section */

/* Begin PBXNativeTarget section */
		1A77C3291962B8BB00D9713B /* Demo */ = {
			isa = PBXNativeTarget;
			buildConfigurationList = 1A77C35C1962B8BB00D9713B /* Build configuration list for PBXNativeTarget "Demo" */;
			buildPhases = (
				1A77C3261962B8BB00D9713B /* Sources */,
				1A77C3271962B8BB00D9713B /* Frameworks */,
				1A77C3281962B8BB00D9713B /* Resources */,
			);
			buildRules = (
			);
			dependencies = (
			);
			name = Demo;
			productName = Demo;
			productReference = 1A77C32A1962B8BB00D9713B /* Demo.app */;
			productType = "com.apple.product-type.application";
		};
		1A77C34A1962B8BB00D9713B /* DemoTests */ = {
			isa = PBXNativeTarget;
			buildConfigurationList = 1A77C35F1962B8BB00D9713B /* Build configuration list for PBXNativeTarget "DemoTests" */;
			buildPhases = (
				1A77C3471962B8BB00D9713B /* Sources */,
				1A77C3481962B8BB00D9713B /* Frameworks */,
				1A77C3491962B8BB00D9713B /* Resources */,
			);
			buildRules = (
			);
			dependencies = (
				1A77C3511962B8BB00D9713B /* PBXTargetDependency */,
			);
			name = DemoTests;
			productName = DemoTests;
			productReference = 1A77C34B1962B8BB00D9713B /* DemoTests.xctest */;
			productType = "com.apple.product-type.bundle.unit-test";
		};
/* End PBXNativeTarget section */

/* Begin PBXProject section */
		1A77C3221962B8BB00D9713B /* Project object */ = {
			isa = PBXProject;
			attributes = {
				LastUpgradeCheck = 0510;
				ORGANIZATIONNAME = ysq;
				TargetAttributes = {
					1A77C34A1962B8BB00D9713B = {
						TestTargetID = 1A77C3291962B8BB00D9713B;
					};
				};
			};
			buildConfigurationList = 1A77C3251962B8BB00D9713B /* Build configuration list for PBXProject "Demo" */;
			compatibilityVersion = "Xcode 3.2";
			developmentRegion = English;
			hasScannedForEncodings = 0;
			knownRegions = (
				en,
				Base,
			);
			mainGroup = 1A77C3211962B8BB00D9713B;
			productRefGroup = 1A77C32B1962B8BB00D9713B /* Products */;
			projectDirPath = "";
			projectRoot = "";
			targets = (
				1A77C3291962B8BB00D9713B /* Demo */,
				1A77C34A1962B8BB00D9713B /* DemoTests */,
			);
		};
/* End PBXProject section */

/* Begin PBXResourcesBuildPhase section */
		1A77C3281962B8BB00D9713B /* Resources */ = {
			isa = PBXResourcesBuildPhase;
			buildActionMask = 2147483647;
			files = (
				1A77C36D1962BA4600D9713B /* close@2x.png in Resources */,
				1A77C3461962B8BB00D9713B /* Images.xcassets in Resources */,
				1A77C37E1962BB1500D9713B /* PickerSubViewController.xib in Resources */,
				1A77C3711962BA4600D9713B /* selectImage@2x.png in Resources */,
				1A77C36E1962BA4600D9713B /* noSelectImage.png in Resources */,
				1A77C3381962B8BB00D9713B /* InfoPlist.strings in Resources */,
				1A77C36F1962BA4600D9713B /* noSelectImage@2x.png in Resources */,
				1A77C3701962BA4600D9713B /* selectImage.png in Resources */,
				1A77C36C1962BA4600D9713B /* close.png in Resources */,
				1A77C3411962B8BB00D9713B /* Main.storyboard in Resources */,
			);
			runOnlyForDeploymentPostprocessing = 0;
		};
		1A77C3491962B8BB00D9713B /* Resources */ = {
			isa = PBXResourcesBuildPhase;
			buildActionMask = 2147483647;
			files = (
				1A77C3571962B8BB00D9713B /* InfoPlist.strings in Resources */,
			);
			runOnlyForDeploymentPostprocessing = 0;
		};
/* End PBXResourcesBuildPhase section */

/* Begin PBXSourcesBuildPhase section */
		1A77C3261962B8BB00D9713B /* Sources */ = {
			isa = PBXSourcesBuildPhase;
			buildActionMask = 2147483647;
			files = (
				1A77C3751962BA6400D9713B /* YSQImagePickerViewController.m in Sources */,
				1A77C3441962B8BB00D9713B /* ViewController.m in Sources */,
				1A77C33E1962B8BB00D9713B /* AppDelegate.m in Sources */,
				1A77C3791962BAC500D9713B /* AssetImageObject.m in Sources */,
				1A77C37D1962BB1500D9713B /* PickerSubViewController.m in Sources */,
				1A77C3721962BA4600D9713B /* UIViewController+MultipleImagePicker.m in Sources */,
				1A77C3811962BC9500D9713B /* UIView+Utils.m in Sources */,
				1A77C33A1962B8BB00D9713B /* main.m in Sources */,
			);
			runOnlyForDeploymentPostprocessing = 0;
		};
		1A77C3471962B8BB00D9713B /* Sources */ = {
			isa = PBXSourcesBuildPhase;
			buildActionMask = 2147483647;
			files = (
				1A77C3591962B8BB00D9713B /* DemoTests.m in Sources */,
			);
			runOnlyForDeploymentPostprocessing = 0;
		};
/* End PBXSourcesBuildPhase section */

/* Begin PBXTargetDependency section */
		1A77C3511962B8BB00D9713B /* PBXTargetDependency */ = {
			isa = PBXTargetDependency;
			target = 1A77C3291962B8BB00D9713B /* Demo */;
			targetProxy = 1A77C3501962B8BB00D9713B /* PBXContainerItemProxy */;
		};
/* End PBXTargetDependency section */

/* Begin PBXVariantGroup section */
		1A77C3361962B8BB00D9713B /* InfoPlist.strings */ = {
			isa = PBXVariantGroup;
			children = (
				1A77C3371962B8BB00D9713B /* en */,
			);
			name = InfoPlist.strings;
			sourceTree = "<group>";
		};
		1A77C33F1962B8BB00D9713B /* Main.storyboard */ = {
			isa = PBXVariantGroup;
			children = (
				1A77C3401962B8BB00D9713B /* Base */,
			);
			name = Main.storyboard;
			sourceTree = "<group>";
		};
		1A77C3551962B8BB00D9713B /* InfoPlist.strings */ = {
			isa = PBXVariantGroup;
			children = (
				1A77C3561962B8BB00D9713B /* en */,
			);
			name = InfoPlist.strings;
			sourceTree = "<group>";
		};
/* End PBXVariantGroup section */

/* Begin XCBuildConfiguration section */
		1A77C35A1962B8BB00D9713B /* Debug */ = {
			isa = XCBuildConfiguration;
			buildSettings = {
				ALWAYS_SEARCH_USER_PATHS = NO;
				CLANG_CXX_LANGUAGE_STANDARD = "gnu++0x";
				CLANG_CXX_LIBRARY = "libc++";
				CLANG_ENABLE_MODULES = YES;
				CLANG_ENABLE_OBJC_ARC = YES;
				CLANG_WARN_BOOL_CONVERSION = YES;
				CLANG_WARN_CONSTANT_CONVERSION = YES;
				CLANG_WARN_DIRECT_OBJC_ISA_USAGE = YES_ERROR;
				CLANG_WARN_EMPTY_BODY = YES;
				CLANG_WARN_ENUM_CONVERSION = YES;
				CLANG_WARN_INT_CONVERSION = YES;
				CLANG_WARN_OBJC_ROOT_CLASS = YES_ERROR;
				CLANG_WARN__DUPLICATE_METHOD_MATCH = YES;
				"CODE_SIGN_IDENTITY[sdk=iphoneos*]" = "iPhone Developer";
				COPY_PHASE_STRIP = NO;
				GCC_C_LANGUAGE_STANDARD = gnu99;
				GCC_DYNAMIC_NO_PIC = NO;
				GCC_OPTIMIZATION_LEVEL = 0;
				GCC_PREPROCESSOR_DEFINITIONS = (
					"DEBUG=1",
					"$(inherited)",
				);
				GCC_SYMBOLS_PRIVATE_EXTERN = NO;
				GCC_WARN_64_TO_32_BIT_CONVERSION = YES;
				GCC_WARN_ABOUT_RETURN_TYPE = YES_ERROR;
				GCC_WARN_UNDECLARED_SELECTOR = YES;
				GCC_WARN_UNINITIALIZED_AUTOS = YES_AGGRESSIVE;
				GCC_WARN_UNUSED_FUNCTION = YES;
				GCC_WARN_UNUSED_VARIABLE = YES;
				IPHONEOS_DEPLOYMENT_TARGET = 7.1;
				ONLY_ACTIVE_ARCH = YES;
				SDKROOT = iphoneos;
			};
			name = Debug;
		};
		1A77C35B1962B8BB00D9713B /* Release */ = {
			isa = XCBuildConfiguration;
			buildSettings = {
				ALWAYS_SEARCH_USER_PATHS = NO;
				CLANG_CXX_LANGUAGE_STANDARD = "gnu++0x";
				CLANG_CXX_LIBRARY = "libc++";
				CLANG_ENABLE_MODULES = YES;
				CLANG_ENABLE_OBJC_ARC = YES;
				CLANG_WARN_BOOL_CONVERSION = YES;
				CLANG_WARN_CONSTANT_CONVERSION = YES;
				CLANG_WARN_DIRECT_OBJC_ISA_USAGE = YES_ERROR;
				CLANG_WARN_EMPTY_BODY = YES;
				CLANG_WARN_ENUM_CONVERSION = YES;
				CLANG_WARN_INT_CONVERSION = YES;
				CLANG_WARN_OBJC_ROOT_CLASS = YES_ERROR;
				CLANG_WARN__DUPLICATE_METHOD_MATCH = YES;
				"CODE_SIGN_IDENTITY[sdk=iphoneos*]" = "iPhone Developer";
				COPY_PHASE_STRIP = YES;
				ENABLE_NS_ASSERTIONS = NO;
				GCC_C_LANGUAGE_STANDARD = gnu99;
				GCC_WARN_64_TO_32_BIT_CONVERSION = YES;
				GCC_WARN_ABOUT_RETURN_TYPE = YES_ERROR;
				GCC_WARN_UNDECLARED_SELECTOR = YES;
				GCC_WARN_UNINITIALIZED_AUTOS = YES_AGGRESSIVE;
				GCC_WARN_UNUSED_FUNCTION = YES;
				GCC_WARN_UNUSED_VARIABLE = YES;
				IPHONEOS_DEPLOYMENT_TARGET = 7.1;
				SDKROOT = iphoneos;
				VALIDATE_PRODUCT = YES;
			};
			name = Release;
		};
		1A77C35D1962B8BB00D9713B /* Debug */ = {
			isa = XCBuildConfiguration;
			buildSettings = {
				ASSETCATALOG_COMPILER_APPICON_NAME = AppIcon;
				ASSETCATALOG_COMPILER_LAUNCHIMAGE_NAME = LaunchImage;
				GCC_PRECOMPILE_PREFIX_HEADER = YES;
				GCC_PREFIX_HEADER = "Demo/Demo-Prefix.pch";
				INFOPLIST_FILE = "Demo/Demo-Info.plist";
				PRODUCT_NAME = "$(TARGET_NAME)";
				WRAPPER_EXTENSION = app;
			};
			name = Debug;
		};
		1A77C35E1962B8BB00D9713B /* Release */ = {
			isa = XCBuildConfiguration;
			buildSettings = {
				ASSETCATALOG_COMPILER_APPICON_NAME = AppIcon;
				ASSETCATALOG_COMPILER_LAUNCHIMAGE_NAME = LaunchImage;
				GCC_PRECOMPILE_PREFIX_HEADER = YES;
				GCC_PREFIX_HEADER = "Demo/Demo-Prefix.pch";
				INFOPLIST_FILE = "Demo/Demo-Info.plist";
				PRODUCT_NAME = "$(TARGET_NAME)";
				WRAPPER_EXTENSION = app;
			};
			name = Release;
		};
		1A77C3601962B8BB00D9713B /* Debug */ = {
			isa = XCBuildConfiguration;
			buildSettings = {
				BUNDLE_LOADER = "$(BUILT_PRODUCTS_DIR)/Demo.app/Demo";
				FRAMEWORK_SEARCH_PATHS = (
					"$(SDKROOT)/Developer/Library/Frameworks",
					"$(inherited)",
					"$(DEVELOPER_FRAMEWORKS_DIR)",
				);
				GCC_PRECOMPILE_PREFIX_HEADER = YES;
				GCC_PREFIX_HEADER = "Demo/Demo-Prefix.pch";
				GCC_PREPROCESSOR_DEFINITIONS = (
					"DEBUG=1",
					"$(inherited)",
				);
				INFOPLIST_FILE = "DemoTests/DemoTests-Info.plist";
				PRODUCT_NAME = "$(TARGET_NAME)";
				TEST_HOST = "$(BUNDLE_LOADER)";
				WRAPPER_EXTENSION = xctest;
			};
			name = Debug;
		};
		1A77C3611962B8BB00D9713B /* Release */ = {
			isa = XCBuildConfiguration;
			buildSettings = {
				BUNDLE_LOADER = "$(BUILT_PRODUCTS_DIR)/Demo.app/Demo";
				FRAMEWORK_SEARCH_PATHS = (
					"$(SDKROOT)/Developer/Library/Frameworks",
					"$(inherited)",
					"$(DEVELOPER_FRAMEWORKS_DIR)",
				);
				GCC_PRECOMPILE_PREFIX_HEADER = YES;
				GCC_PREFIX_HEADER = "Demo/Demo-Prefix.pch";
				INFOPLIST_FILE = "DemoTests/DemoTests-Info.plist";
				PRODUCT_NAME = "$(TARGET_NAME)";
				TEST_HOST = "$(BUNDLE_LOADER)";
				WRAPPER_EXTENSION = xctest;
			};
			name = Release;
		};
/* End XCBuildConfiguration section */

/* Begin XCConfigurationList section */
		1A77C3251962B8BB00D9713B /* Build configuration list for PBXProject "Demo" */ = {
			isa = XCConfigurationList;
			buildConfigurations = (
				1A77C35A1962B8BB00D9713B /* Debug */,
				1A77C35B1962B8BB00D9713B /* Release */,
			);
			defaultConfigurationIsVisible = 0;
			defaultConfigurationName = Release;
		};
		1A77C35C1962B8BB00D9713B /* Build configuration list for PBXNativeTarget "Demo" */ = {
			isa = XCConfigurationList;
			buildConfigurations = (
				1A77C35D1962B8BB00D9713B /* Debug */,
				1A77C35E1962B8BB00D9713B /* Release */,
			);
			defaultConfigurationIsVisible = 0;
			defaultConfigurationName = Release;
		};
		1A77C35F1962B8BB00D9713B /* Build configuration list for PBXNativeTarget "DemoTests" */ = {
			isa = XCConfigurationList;
			buildConfigurations = (
				1A77C3601962B8BB00D9713B /* Debug */,
				1A77C3611962B8BB00D9713B /* Release */,
			);
			defaultConfigurationIsVisible = 0;
			defaultConfigurationName = Release;
		};
/* End XCConfigurationList section */
	};
	rootObject = 1A77C3221962B8BB00D9713B /* Project object */;
}
